
Microsoft Visual Studio Solution File, Format Version 12.00
# Visual Studio Version 16
VisualStudioVersion = 16.0.30907.101
MinimumVisualStudioVersion = 10.0.40219.1
Project("{FAE04EC0-301F-11D3-BF4B-00C04F79EFBC}") = "To-Do_List_Part1", "To-Do_List_Part1.csproj", "{21482CB7-BA1B-4F6A-BCF1-194B175396D9}"
EndProject
Global
	GlobalSection(SolutionConfigurationPlatforms) = preSolution
		Debug|Any CPU = Debug|Any CPU
		Release|Any CPU = Release|Any CPU
	EndGlobalSection
	GlobalSection(ProjectConfigurationPlatforms) = postSolution
		{21482CB7-BA1B-4F6A-BCF1-194B175396D9}.Debug|Any CPU.ActiveCfg = Debug|Any CPU
		{21482CB7-BA1B-4F6A-BCF1-194B175396D9}.Debug|Any CPU.Build.0 = Debug|Any CPU
		{21482CB7-BA1B-4F6A-BCF1-194B175396D9}.Release|Any CPU.ActiveCfg = Release|Any CPU
		{21482CB7-BA1B-4F6A-BCF1-194B175396D9}.Release|Any CPU.Build.0 = Release|Any CPU
	EndGlobalSection
	GlobalSection(SolutionProperties) = preSolution
		HideSolutionNode = FALSE
	EndGlobalSection
	GlobalSection(ExtensibilityGlobals) = postSolution
		SolutionGuid = {6AF3174A-E8C9-4D8B-8663-8E896B56C234}
	EndGlobalSection
EndGlobal
